
Microsoft Visual Studio Solution File, Format Version 12.00
# Visual Studio 15
VisualStudioVersion = 15.0.27703.2035
MinimumVisualStudioVersion = 10.0.40219.1
Project("{FAE04EC0-301F-11D3-BF4B-00C04F79EFBC}") = "MatchingImagesGame", "MatchingImagesGame\MatchingImagesGame.csproj", "{659FC8E9-A004-4474-AE8B-C65A31F2256D}"
EndProject
Global
	GlobalSection(SolutionConfigurationPlatforms) = preSolution
		Debug|Any CPU = Debug|Any CPU
		Release|Any CPU = Release|Any CPU
	EndGlobalSection
	GlobalSection(ProjectConfigurationPlatforms) = postSolution
		{659FC8E9-A004-4474-AE8B-C65A31F2256D}.Debug|Any CPU.ActiveCfg = Debug|Any CPU
		{659FC8E9-A004-4474-AE8B-C65A31F2256D}.Debug|Any CPU.Build.0 = Debug|Any CPU
		{659FC8E9-A004-4474-AE8B-C65A31F2256D}.Release|Any CPU.ActiveCfg = Release|Any CPU
		{659FC8E9-A004-4474-AE8B-C65A31F2256D}.Release|Any CPU.Build.0 = Release|Any CPU
	EndGlobalSection
	GlobalSection(SolutionProperties) = preSolution
		HideSolutionNode = FALSE
	EndGlobalSection
	GlobalSection(ExtensibilityGlobals) = postSolution
		SolutionGuid = {1ACA153D-4399-419C-930A-C3261E2E5743}
	EndGlobalSection
EndGlobal
